{
  "name": "react-monitor",
  "version": "1.0.0",
  "lockfileVersion": 3,
  "requires": true,
  "packages": {
    "": {
      "name": "react-monitor",
      "version": "1.0.0",
      "license": "ISC",
      "workspaces": [
        "packages/*"
      ]
    },
    "node_modules/@react-monitor/pkg1": {
      "resolved": "packages/pkg1",
      "link": true
    },
    "node_modules/@react-monitor/pkg2": {
      "resolved": "packages/pkg2",
      "link": true
    },
    "packages/pkg1": {
      "name": "@react-monitor/pkg1",
      "version": "1.0.0",
      "license": "ISC"
    },
    "packages/pkg2": {
      "name": "@react-monitor/pkg2",
      "version": "1.0.0",
      "license": "ISC"
    }
  }
}
